// !$*UTF8*$!
{
	archiveVersion = 1;
	classes = {
	};
	objectVersion = 46;
	objects = {

/* Begin PBXBuildFile section */
		B7A3A14627CE8321FC259C67 /* libPods.a in Frameworks */ = {isa = PBXBuildFile; fileRef = 1010B00735D4BC5F402F2E97 /* libPods.a */; };
		E3194B1A1CC8E9D70097FB2C /* main.m in Sources */ = {isa = PBXBuildFile; fileRef = E3194B191CC8E9D70097FB2C /* main.m */; };
		E3194B1D1CC8E9D70097FB2C /* AppDelegate.m in Sources */ = {isa = PBXBuildFile; fileRef = E3194B1C1CC8E9D70097FB2C /* AppDelegate.m */; };
		E3194B201CC8E9D70097FB2C /* ViewController.m in Sources */ = {isa = PBXBuildFile; fileRef = E3194B1F1CC8E9D70097FB2C /* ViewController.m */; };
		E3194B231CC8E9D70097FB2C /* Main.storyboard in Resources */ = {isa = PBXBuildFile; fileRef = E3194B211CC8E9D70097FB2C /* Main.storyboard */; };
		E3194B281CC8E9D70097FB2C /* Assets.xcassets in Resources */ = {isa = PBXBuildFile; fileRef = E3194B271CC8E9D70097FB2C /* Assets.xcassets */; };
		E3194B2B1CC8E9D70097FB2C /* LaunchScreen.storyboard in Resources */ = {isa = PBXBuildFile; fileRef = E3194B291CC8E9D70097FB2C /* LaunchScreen.storyboard */; };
		E3F85ED01CCA65E50017AB55 /* YCFGInfiniteScrollView.bundle in Resources */ = {isa = PBXBuildFile; fileRef = E3F85ECD1CCA65E50017AB55 /* YCFGInfiniteScrollView.bundle */; };
		E3F85ED11CCA65E50017AB55 /* YCFGInfiniteScrollView.m in Sources */ = {isa = PBXBuildFile; fileRef = E3F85ECF1CCA65E50017AB55 /* YCFGInfiniteScrollView.m */; };
/* End PBXBuildFile section */

/* Begin PBXFileReference section */
		1010B00735D4BC5F402F2E97 /* libPods.a */ = {isa = PBXFileReference; explicitFileType = archive.ar; includeInIndex = 0; path = libPods.a; sourceTree = BUILT_PRODUCTS_DIR; };
		3A7148BEAC381C3D34C432F3 /* Pods.debug.xcconfig */ = {isa = PBXFileReference; includeInIndex = 1; lastKnownFileType = text.xcconfig; name = Pods.debug.xcconfig; path = "Pods/Target Support Files/Pods/Pods.debug.xcconfig"; sourceTree = "<group>"; };
		CDF702E2524743ED6E024073 /* Pods.release.xcconfig */ = {isa = PBXFileReference; includeInIndex = 1; lastKnownFileType = text.xcconfig; name = Pods.release.xcconfig; path = "Pods/Target Support Files/Pods/Pods.release.xcconfig"; sourceTree = "<group>"; };
		E3194B151CC8E9D70097FB2C /* 图片无限滚动 demo.app */ = {isa = PBXFileReference; explicitFileType = wrapper.application; includeInIndex = 0; path = "图片无限滚动 demo.app"; sourceTree = BUILT_PRODUCTS_DIR; };
		E3194B191CC8E9D70097FB2C /* main.m */ = {isa = PBXFileReference; lastKnownFileType = sourcecode.c.objc; path = main.m; sourceTree = "<group>"; };
		E3194B1B1CC8E9D70097FB2C /* AppDelegate.h */ = {isa = PBXFileReference; lastKnownFileType = sourcecode.c.h; path = AppDelegate.h; sourceTree = "<group>"; };
		E3194B1C1CC8E9D70097FB2C /* AppDelegate.m */ = {isa = PBXFileReference; lastKnownFileType = sourcecode.c.objc; path = AppDelegate.m; sourceTree = "<group>"; };
		E3194B1E1CC8E9D70097FB2C /* ViewController.h */ = {isa = PBXFileReference; lastKnownFileType = sourcecode.c.h; path = ViewController.h; sourceTree = "<group>"; };
		E3194B1F1CC8E9D70097FB2C /* ViewController.m */ = {isa = PBXFileReference; lastKnownFileType = sourcecode.c.objc; path = ViewController.m; sourceTree = "<group>"; };
		E3194B221CC8E9D70097FB2C /* Base */ = {isa = PBXFileReference; lastKnownFileType = file.storyboard; name = Base; path = Base.lproj/Main.storyboard; sourceTree = "<group>"; };
		E3194B271CC8E9D70097FB2C /* Assets.xcassets */ = {isa = PBXFileReference; lastKnownFileType = folder.assetcatalog; path = Assets.xcassets; sourceTree = "<group>"; };
		E3194B2A1CC8E9D70097FB2C /* Base */ = {isa = PBXFileReference; lastKnownFileType = file.storyboard; name = Base; path = Base.lproj/LaunchScreen.storyboard; sourceTree = "<group>"; };
		E3194B2C1CC8E9D70097FB2C /* Info.plist */ = {isa = PBXFileReference; lastKnownFileType = text.plist.xml; path = Info.plist; sourceTree = "<group>"; };
		E3F85ECD1CCA65E50017AB55 /* YCFGInfiniteScrollView.bundle */ = {isa = PBXFileReference; lastKnownFileType = "wrapper.plug-in"; path = YCFGInfiniteScrollView.bundle; sourceTree = "<group>"; };
		E3F85ECE1CCA65E50017AB55 /* YCFGInfiniteScrollView.h */ = {isa = PBXFileReference; fileEncoding = 4; lastKnownFileType = sourcecode.c.h; path = YCFGInfiniteScrollView.h; sourceTree = "<group>"; };
		E3F85ECF1CCA65E50017AB55 /* YCFGInfiniteScrollView.m */ = {isa = PBXFileReference; fileEncoding = 4; lastKnownFileType = sourcecode.c.objc; path = YCFGInfiniteScrollView.m; sourceTree = "<group>"; };
/* End PBXFileReference section */

/* Begin PBXFrameworksBuildPhase section */
		E3194B121CC8E9D70097FB2C /* Frameworks */ = {
			isa = PBXFrameworksBuildPhase;
			buildActionMask = 2147483647;
			files = (
				B7A3A14627CE8321FC259C67 /* libPods.a in Frameworks */,
			);
			runOnlyForDeploymentPostprocessing = 0;
		};
/* End PBXFrameworksBuildPhase section */

/* Begin PBXGroup section */
		2BB06530C3FCD96CBF917854 /* Frameworks */ = {
			isa = PBXGroup;
			children = (
				1010B00735D4BC5F402F2E97 /* libPods.a */,
			);
			name = Frameworks;
			sourceTree = "<group>";
		};
		D6E9C8878B0A208F0EB82764 /* Pods */ = {
			isa = PBXGroup;
			children = (
				3A7148BEAC381C3D34C432F3 /* Pods.debug.xcconfig */,
				CDF702E2524743ED6E024073 /* Pods.release.xcconfig */,
			);
			name = Pods;
			sourceTree = "<group>";
		};
		E3194B0C1CC8E9D70097FB2C = {
			isa = PBXGroup;
			children = (
				E3194B171CC8E9D70097FB2C /* 图片无限滚动 demo */,
				E3194B161CC8E9D70097FB2C /* Products */,
				D6E9C8878B0A208F0EB82764 /* Pods */,
				2BB06530C3FCD96CBF917854 /* Frameworks */,
			);
			sourceTree = "<group>";
		};
		E3194B161CC8E9D70097FB2C /* Products */ = {
			isa = PBXGroup;
			children = (
				E3194B151CC8E9D70097FB2C /* 图片无限滚动 demo.app */,
			);
			name = Products;
			sourceTree = "<group>";
		};
		E3194B171CC8E9D70097FB2C /* 图片无限滚动 demo */ = {
			isa = PBXGroup;
			children = (
				E3F85ECC1CCA65E50017AB55 /* YCFGInfiniteScrollView */,
				E3194B1B1CC8E9D70097FB2C /* AppDelegate.h */,
				E3194B1C1CC8E9D70097FB2C /* AppDelegate.m */,
				E3194B1E1CC8E9D70097FB2C /* ViewController.h */,
				E3194B1F1CC8E9D70097FB2C /* ViewController.m */,
				E3194B211CC8E9D70097FB2C /* Main.storyboard */,
				E3194B271CC8E9D70097FB2C /* Assets.xcassets */,
				E3194B291CC8E9D70097FB2C /* LaunchScreen.storyboard */,
				E3194B2C1CC8E9D70097FB2C /* Info.plist */,
				E3194B181CC8E9D70097FB2C /* Supporting Files */,
			);
			path = "图片无限滚动 demo";
			sourceTree = "<group>";
		};
		E3194B181CC8E9D70097FB2C /* Supporting Files */ = {
			isa = PBXGroup;
			children = (
				E3194B191CC8E9D70097FB2C /* main.m */,
			);
			name = "Supporting Files";
			sourceTree = "<group>";
		};
		E3F85ECC1CCA65E50017AB55 /* YCFGInfiniteScrollView */ = {
			isa = PBXGroup;
			children = (
				E3F85ECD1CCA65E50017AB55 /* YCFGInfiniteScrollView.bundle */,
				E3F85ECE1CCA65E50017AB55 /* YCFGInfiniteScrollView.h */,
				E3F85ECF1CCA65E50017AB55 /* YCFGInfiniteScrollView.m */,
			);
			name = YCFGInfiniteScrollView;
			path = ../../YCFGInfiniteScrollView;
			sourceTree = "<group>";
		};
/* End PBXGroup section */

/* Begin PBXNativeTarget section */
		E3194B141CC8E9D70097FB2C /* 图片无限滚动 demo */ = {
			isa = PBXNativeTarget;
			buildConfigurationList = E3194B2F1CC8E9D70097FB2C /* Build configuration list for PBXNativeTarget "图片无限滚动 demo" */;
			buildPhases = (
				418E394B054F01F91972456B /* Check Pods Manifest.lock */,
				E3194B111CC8E9D70097FB2C /* Sources */,
				E3194B121CC8E9D70097FB2C /* Frameworks */,
				E3194B131CC8E9D70097FB2C /* Resources */,
				84DD4E91ACCCE6DE866A3F66 /* Embed Pods Frameworks */,
				D8FAD6421843A495B2371CDA /* Copy Pods Resources */,
			);
			buildRules = (
			);
			dependencies = (
			);
			name = "图片无限滚动 demo";
			productName = "图片无限滚动 demo";
			productReference = E3194B151CC8E9D70097FB2C /* 图片无限滚动 demo.app */;
			productType = "com.apple.product-type.application";
		};
/* End PBXNativeTarget section */

/* Begin PBXProject section */
		E3194B0D1CC8E9D70097FB2C /* Project object */ = {
			isa = PBXProject;
			attributes = {
				LastUpgradeCheck = 0720;
				ORGANIZATIONNAME = "卡卡罗特";
				TargetAttributes = {
					E3194B141CC8E9D70097FB2C = {
						CreatedOnToolsVersion = 7.2;
						DevelopmentTeam = G45KTXV428;
					};
				};
			};
			buildConfigurationList = E3194B101CC8E9D70097FB2C /* Build configuration list for PBXProject "图片无限滚动 demo" */;
			compatibilityVersion = "Xcode 3.2";
			developmentRegion = English;
			hasScannedForEncodings = 0;
			knownRegions = (
				en,
				Base,
			);
			mainGroup = E3194B0C1CC8E9D70097FB2C;
			productRefGroup = E3194B161CC8E9D70097FB2C /* Products */;
			projectDirPath = "";
			projectRoot = "";
			targets = (
				E3194B141CC8E9D70097FB2C /* 图片无限滚动 demo */,
			);
		};
/* End PBXProject section */

/* Begin PBXResourcesBuildPhase section */
		E3194B131CC8E9D70097FB2C /* Resources */ = {
			isa = PBXResourcesBuildPhase;
			buildActionMask = 2147483647;
			files = (
				E3194B2B1CC8E9D70097FB2C /* LaunchScreen.storyboard in Resources */,
				E3194B281CC8E9D70097FB2C /* Assets.xcassets in Resources */,
				E3F85ED01CCA65E50017AB55 /* YCFGInfiniteScrollView.bundle in Resources */,
				E3194B231CC8E9D70097FB2C /* Main.storyboard in Resources */,
			);
			runOnlyForDeploymentPostprocessing = 0;
		};
/* End PBXResourcesBuildPhase section */

/* Begin PBXShellScriptBuildPhase section */
		418E394B054F01F91972456B /* Check Pods Manifest.lock */ = {
			isa = PBXShellScriptBuildPhase;
			buildActionMask = 2147483647;
			files = (
			);
			inputPaths = (
			);
			name = "Check Pods Manifest.lock";
			outputPaths = (
			);
			runOnlyForDeploymentPostprocessing = 0;
			shellPath = /bin/sh;
			shellScript = "diff \"${PODS_ROOT}/../Podfile.lock\" \"${PODS_ROOT}/Manifest.lock\" > /dev/null\nif [[ $? != 0 ]] ; then\n    cat << EOM\nerror: The sandbox is not in sync with the Podfile.lock. Run 'pod install' or update your CocoaPods installation.\nEOM\n    exit 1\nfi\n";
			showEnvVarsInLog = 0;
		};
		84DD4E91ACCCE6DE866A3F66 /* Embed Pods Frameworks */ = {
			isa = PBXShellScriptBuildPhase;
			buildActionMask = 2147483647;
			files = (
			);
			inputPaths = (
			);
			name = "Embed Pods Frameworks";
			outputPaths = (
			);
			runOnlyForDeploymentPostprocessing = 0;
			shellPath = /bin/sh;
			shellScript = "\"${SRCROOT}/Pods/Target Support Files/Pods/Pods-frameworks.sh\"\n";
			showEnvVarsInLog = 0;
		};
		D8FAD6421843A495B2371CDA /* Copy Pods Resources */ = {
			isa = PBXShellScriptBuildPhase;
			buildActionMask = 2147483647;
			files = (
			);
			inputPaths = (
			);
			name = "Copy Pods Resources";
			outputPaths = (
			);
			runOnlyForDeploymentPostprocessing = 0;
			shellPath = /bin/sh;
			shellScript = "\"${SRCROOT}/Pods/Target Support Files/Pods/Pods-resources.sh\"\n";
			showEnvVarsInLog = 0;
		};
/* End PBXShellScriptBuildPhase section */

/* Begin PBXSourcesBuildPhase section */
		E3194B111CC8E9D70097FB2C /* Sources */ = {
			isa = PBXSourcesBuildPhase;
			buildActionMask = 2147483647;
			files = (
				E3F85ED11CCA65E50017AB55 /* YCFGInfiniteScrollView.m in Sources */,
				E3194B201CC8E9D70097FB2C /* ViewController.m in Sources */,
				E3194B1D1CC8E9D70097FB2C /* AppDelegate.m in Sources */,
				E3194B1A1CC8E9D70097FB2C /* main.m in Sources */,
			);
			runOnlyForDeploymentPostprocessing = 0;
		};
/* End PBXSourcesBuildPhase section */

/* Begin PBXVariantGroup section */
		E3194B211CC8E9D70097FB2C /* Main.storyboard */ = {
			isa = PBXVariantGroup;
			children = (
				E3194B221CC8E9D70097FB2C /* Base */,
			);
			name = Main.storyboard;
			sourceTree = "<group>";
		};
		E3194B291CC8E9D70097FB2C /* LaunchScreen.storyboard */ = {
			isa = PBXVariantGroup;
			children = (
				E3194B2A1CC8E9D70097FB2C /* Base */,
			);
			name = LaunchScreen.storyboard;
			sourceTree = "<group>";
		};
/* End PBXVariantGroup section */

/* Begin XCBuildConfiguration section */
		E3194B2D1CC8E9D70097FB2C /* Debug */ = {
			isa = XCBuildConfiguration;
			buildSettings = {
				ALWAYS_SEARCH_USER_PATHS = NO;
				CLANG_CXX_LANGUAGE_STANDARD = "gnu++0x";
				CLANG_CXX_LIBRARY = "libc++";
				CLANG_ENABLE_MODULES = YES;
				CLANG_ENABLE_OBJC_ARC = YES;
				CLANG_WARN_BOOL_CONVERSION = YES;
				CLANG_WARN_CONSTANT_CONVERSION = YES;
				CLANG_WARN_DIRECT_OBJC_ISA_USAGE = YES_ERROR;
				CLANG_WARN_EMPTY_BODY = YES;
				CLANG_WARN_ENUM_CONVERSION = YES;
				CLANG_WARN_INT_CONVERSION = YES;
				CLANG_WARN_OBJC_ROOT_CLASS = YES_ERROR;
				CLANG_WARN_UNREACHABLE_CODE = YES;
				CLANG_WARN__DUPLICATE_METHOD_MATCH = YES;
				"CODE_SIGN_IDENTITY[sdk=iphoneos*]" = "iPhone Developer";
				COPY_PHASE_STRIP = NO;
				DEBUG_INFORMATION_FORMAT = dwarf;
				ENABLE_STRICT_OBJC_MSGSEND = YES;
				ENABLE_TESTABILITY = YES;
				GCC_C_LANGUAGE_STANDARD = gnu99;
				GCC_DYNAMIC_NO_PIC = NO;
				GCC_NO_COMMON_BLOCKS = YES;
				GCC_OPTIMIZATION_LEVEL = 0;
				GCC_PREPROCESSOR_DEFINITIONS = (
					"DEBUG=1",
					"$(inherited)",
				);
				GCC_WARN_64_TO_32_BIT_CONVERSION = YES;
				GCC_WARN_ABOUT_RETURN_TYPE = YES_ERROR;
				GCC_WARN_UNDECLARED_SELECTOR = YES;
				GCC_WARN_UNINITIALIZED_AUTOS = YES_AGGRESSIVE;
				GCC_WARN_UNUSED_FUNCTION = YES;
				GCC_WARN_UNUSED_VARIABLE = YES;
				IPHONEOS_DEPLOYMENT_TARGET = 9.2;
				MTL_ENABLE_DEBUG_INFO = YES;
				ONLY_ACTIVE_ARCH = YES;
				SDKROOT = iphoneos;
			};
			name = Debug;
		};
		E3194B2E1CC8E9D70097FB2C /* Release */ = {
			isa = XCBuildConfiguration;
			buildSettings = {
				ALWAYS_SEARCH_USER_PATHS = NO;
				CLANG_CXX_LANGUAGE_STANDARD = "gnu++0x";
				CLANG_CXX_LIBRARY = "libc++";
				CLANG_ENABLE_MODULES = YES;
				CLANG_ENABLE_OBJC_ARC = YES;
				CLANG_WARN_BOOL_CONVERSION = YES;
				CLANG_WARN_CONSTANT_CONVERSION = YES;
				CLANG_WARN_DIRECT_OBJC_ISA_USAGE = YES_ERROR;
				CLANG_WARN_EMPTY_BODY = YES;
				CLANG_WARN_ENUM_CONVERSION = YES;
				CLANG_WARN_INT_CONVERSION = YES;
				CLANG_WARN_OBJC_ROOT_CLASS = YES_ERROR;
				CLANG_WARN_UNREACHABLE_CODE = YES;
				CLANG_WARN__DUPLICATE_METHOD_MATCH = YES;
				"CODE_SIGN_IDENTITY[sdk=iphoneos*]" = "iPhone Developer";
				COPY_PHASE_STRIP = NO;
				DEBUG_INFORMATION_FORMAT = "dwarf-with-dsym";
				ENABLE_NS_ASSERTIONS = NO;
				ENABLE_STRICT_OBJC_MSGSEND = YES;
				GCC_C_LANGUAGE_STANDARD = gnu99;
				GCC_NO_COMMON_BLOCKS = YES;
				GCC_WARN_64_TO_32_BIT_CONVERSION = YES;
				GCC_WARN_ABOUT_RETURN_TYPE = YES_ERROR;
				GCC_WARN_UNDECLARED_SELECTOR = YES;
				GCC_WARN_UNINITIALIZED_AUTOS = YES_AGGRESSIVE;
				GCC_WARN_UNUSED_FUNCTION = YES;
				GCC_WARN_UNUSED_VARIABLE = YES;
				IPHONEOS_DEPLOYMENT_TARGET = 9.2;
				MTL_ENABLE_DEBUG_INFO = NO;
				SDKROOT = iphoneos;
				VALIDATE_PRODUCT = YES;
			};
			name = Release;
		};
		E3194B301CC8E9D70097FB2C /* Debug */ = {
			isa = XCBuildConfiguration;
			baseConfigurationReference = 3A7148BEAC381C3D34C432F3 /* Pods.debug.xcconfig */;
			buildSettings = {
				ASSETCATALOG_COMPILER_APPICON_NAME = AppIcon;
				INFOPLIST_FILE = "图片无限滚动 demo/Info.plist";
				LD_RUNPATH_SEARCH_PATHS = "$(inherited) @executable_path/Frameworks";
				PRODUCT_BUNDLE_IDENTIFIER = "com.897733537.-------demo";
				PRODUCT_NAME = "$(TARGET_NAME)";
			};
			name = Debug;
		};
		E3194B311CC8E9D70097FB2C /* Release */ = {
			isa = XCBuildConfiguration;
			baseConfigurationReference = CDF702E2524743ED6E024073 /* Pods.release.xcconfig */;
			buildSettings = {
				ASSETCATALOG_COMPILER_APPICON_NAME = AppIcon;
				INFOPLIST_FILE = "图片无限滚动 demo/Info.plist";
				LD_RUNPATH_SEARCH_PATHS = "$(inherited) @executable_path/Frameworks";
				PRODUCT_BUNDLE_IDENTIFIER = "com.897733537.-------demo";
				PRODUCT_NAME = "$(TARGET_NAME)";
			};
			name = Release;
		};
/* End XCBuildConfiguration section */

/* Begin XCConfigurationList section */
		E3194B101CC8E9D70097FB2C /* Build configuration list for PBXProject "图片无限滚动 demo" */ = {
			isa = XCConfigurationList;
			buildConfigurations = (
				E3194B2D1CC8E9D70097FB2C /* Debug */,
				E3194B2E1CC8E9D70097FB2C /* Release */,
			);
			defaultConfigurationIsVisible = 0;
			defaultConfigurationName = Release;
		};
		E3194B2F1CC8E9D70097FB2C /* Build configuration list for PBXNativeTarget "图片无限滚动 demo" */ = {
			isa = XCConfigurationList;
			buildConfigurations = (
				E3194B301CC8E9D70097FB2C /* Debug */,
				E3194B311CC8E9D70097FB2C /* Release */,
			);
			defaultConfigurationIsVisible = 0;
			defaultConfigurationName = Release;
		};
/* End XCConfigurationList section */
	};
	rootObject = E3194B0D1CC8E9D70097FB2C /* Project object */;
}
